
Microsoft Visual Studio Solution File, Format Version 12.00
# Visual Studio Version 16
VisualStudioVersion = 16.0.31424.327
MinimumVisualStudioVersion = 10.0.40219.1
Project("{FAE04EC0-301F-11D3-BF4B-00C04F79EFBC}") = "WPFExample", "WPFExample\WPFExample.csproj", "{B6FB5104-A0EA-479A-8BFC-4DFE207CEB24}"
EndProject
Project("{FAE04EC0-301F-11D3-BF4B-00C04F79EFBC}") = "AuthenticationExample", "AuthenticationExample\AuthenticationExample.csproj", "{815ADC60-447D-445B-A875-B50218956A07}"
EndProject
Project("{FAE04EC0-301F-11D3-BF4B-00C04F79EFBC}") = "WindowlessExample", "WindowlessExample\WindowlessExample.csproj", "{E65C4A9D-90CD-42E2-B426-724F290043ED}"
EndProject
Project("{FAE04EC0-301F-11D3-BF4B-00C04F79EFBC}") = "WinformExample", "WinformExample\WinformExample.csproj", "{30963A3F-17AD-4685-A8DF-B945012E02F4}"
EndProject
Project("{FAE04EC0-301F-11D3-BF4B-00C04F79EFBC}") = "MultiWindowExample", "MultiWindowExample\MultiWindowExample.csproj", "{E068C337-DF06-4A33-B227-A97B9649E88F}"
EndProject
Project("{FAE04EC0-301F-11D3-BF4B-00C04F79EFBC}") = "WinformMultiWindowExample", "WinformMultiWindowExample\WinformMultiWindowExample.csproj", "{1F1B2448-A665-4086-9D8C-B45CBE0C7146}"
EndProject
Project("{FAE04EC0-301F-11D3-BF4B-00C04F79EFBC}") = "FDC3WPFExample", "FDC3WPFExample\FDC3WPFExample.csproj", "{BF74BA2A-C3DB-4CDE-9C35-3684F88EB0E3}"
EndProject
Project("{9A19103F-16F7-4668-BE54-9A1E7A4F7556}") = "WindowlessExample.Core", "WindowlessExample.Core\WindowlessExample.Core.csproj", "{278D7BF3-F95C-4E7A-8932-DE48EAB03332}"
EndProject
Project("{9A19103F-16F7-4668-BE54-9A1E7A4F7556}") = "WinformExampleCore.FDC3", "WinformExampleCore.FDC3\WinformExampleCore.FDC3.csproj", "{03988372-0705-46D0-9F92-027BAF076354}"
EndProject
Project("{9A19103F-16F7-4668-BE54-9A1E7A4F7556}") = "WPFMultiWindowExampleCore", "WPFMultiWindowExampleCore\WPFMultiWindowExampleCore.csproj", "{428D6D8E-0C34-4EB8-BC23-43C58816AA5F}"
EndProject
Project("{9A19103F-16F7-4668-BE54-9A1E7A4F7556}") = "WPFExampleCore", "WPFExampleCore\WPFExampleCore.csproj", "{E70B58B1-C31F-4788-AE6C-14FB6BDCB0FE}"
EndProject
Project("{FAE04EC0-301F-11D3-BF4B-00C04F79EFBC}") = "NotificationExample", "NotificationExample\NotificationExample.csproj", "{F6A92468-1608-410C-BF87-9AB62CB3D301}"
EndProject
Global
	GlobalSection(SolutionConfigurationPlatforms) = preSolution
		Debug|Any CPU = Debug|Any CPU
		Debug|x64 = Debug|x64
		Debug|x86 = Debug|x86
		Release|Any CPU = Release|Any CPU
		Release|x64 = Release|x64
		Release|x86 = Release|x86
	EndGlobalSection
	GlobalSection(ProjectConfigurationPlatforms) = postSolution
		{B6FB5104-A0EA-479A-8BFC-4DFE207CEB24}.Debug|Any CPU.ActiveCfg = Debug|Any CPU
		{B6FB5104-A0EA-479A-8BFC-4DFE207CEB24}.Debug|Any CPU.Build.0 = Debug|Any CPU
		{B6FB5104-A0EA-479A-8BFC-4DFE207CEB24}.Debug|x64.ActiveCfg = Debug|Any CPU
		{B6FB5104-A0EA-479A-8BFC-4DFE207CEB24}.Debug|x64.Build.0 = Debug|Any CPU
		{B6FB5104-A0EA-479A-8BFC-4DFE207CEB24}.Debug|x86.ActiveCfg = Debug|Any CPU
		{B6FB5104-A0EA-479A-8BFC-4DFE207CEB24}.Debug|x86.Build.0 = Debug|Any CPU
		{B6FB5104-A0EA-479A-8BFC-4DFE207CEB24}.Release|Any CPU.ActiveCfg = Release|Any CPU
		{B6FB5104-A0EA-479A-8BFC-4DFE207CEB24}.Release|Any CPU.Build.0 = Release|Any CPU
		{B6FB5104-A0EA-479A-8BFC-4DFE207CEB24}.Release|x64.ActiveCfg = Release|Any CPU
		{B6FB5104-A0EA-479A-8BFC-4DFE207CEB24}.Release|x64.Build.0 = Release|Any CPU
		{B6FB5104-A0EA-479A-8BFC-4DFE207CEB24}.Release|x86.ActiveCfg = Release|Any CPU
		{B6FB5104-A0EA-479A-8BFC-4DFE207CEB24}.Release|x86.Build.0 = Release|Any CPU
		{815ADC60-447D-445B-A875-B50218956A07}.Debug|Any CPU.ActiveCfg = Debug|Any CPU
		{815ADC60-447D-445B-A875-B50218956A07}.Debug|Any CPU.Build.0 = Debug|Any CPU
		{815ADC60-447D-445B-A875-B50218956A07}.Debug|x64.ActiveCfg = Debug|Any CPU
		{815ADC60-447D-445B-A875-B50218956A07}.Debug|x64.Build.0 = Debug|Any CPU
		{815ADC60-447D-445B-A875-B50218956A07}.Debug|x86.ActiveCfg = Debug|Any CPU
		{815ADC60-447D-445B-A875-B50218956A07}.Debug|x86.Build.0 = Debug|Any CPU
		{815ADC60-447D-445B-A875-B50218956A07}.Release|Any CPU.ActiveCfg = Release|Any CPU
		{815ADC60-447D-445B-A875-B50218956A07}.Release|Any CPU.Build.0 = Release|Any CPU
		{815ADC60-447D-445B-A875-B50218956A07}.Release|x64.ActiveCfg = Release|Any CPU
		{815ADC60-447D-445B-A875-B50218956A07}.Release|x64.Build.0 = Release|Any CPU
		{815ADC60-447D-445B-A875-B50218956A07}.Release|x86.ActiveCfg = Release|Any CPU
		{815ADC60-447D-445B-A875-B50218956A07}.Release|x86.Build.0 = Release|Any CPU
		{E65C4A9D-90CD-42E2-B426-724F290043ED}.Debug|Any CPU.ActiveCfg = Debug|Any CPU
		{E65C4A9D-90CD-42E2-B426-724F290043ED}.Debug|Any CPU.Build.0 = Debug|Any CPU
		{E65C4A9D-90CD-42E2-B426-724F290043ED}.Debug|x64.ActiveCfg = Debug|Any CPU
		{E65C4A9D-90CD-42E2-B426-724F290043ED}.Debug|x64.Build.0 = Debug|Any CPU
		{E65C4A9D-90CD-42E2-B426-724F290043ED}.Debug|x86.ActiveCfg = Debug|Any CPU
		{E65C4A9D-90CD-42E2-B426-724F290043ED}.Debug|x86.Build.0 = Debug|Any CPU
		{E65C4A9D-90CD-42E2-B426-724F290043ED}.Release|Any CPU.ActiveCfg = Release|Any CPU
		{E65C4A9D-90CD-42E2-B426-724F290043ED}.Release|Any CPU.Build.0 = Release|Any CPU
		{E65C4A9D-90CD-42E2-B426-724F290043ED}.Release|x64.ActiveCfg = Release|Any CPU
		{E65C4A9D-90CD-42E2-B426-724F290043ED}.Release|x64.Build.0 = Release|Any CPU
		{E65C4A9D-90CD-42E2-B426-724F290043ED}.Release|x86.ActiveCfg = Release|Any CPU
		{E65C4A9D-90CD-42E2-B426-724F290043ED}.Release|x86.Build.0 = Release|Any CPU
		{30963A3F-17AD-4685-A8DF-B945012E02F4}.Debug|Any CPU.ActiveCfg = Debug|Any CPU
		{30963A3F-17AD-4685-A8DF-B945012E02F4}.Debug|Any CPU.Build.0 = Debug|Any CPU
		{30963A3F-17AD-4685-A8DF-B945012E02F4}.Debug|x64.ActiveCfg = Debug|Any CPU
		{30963A3F-17AD-4685-A8DF-B945012E02F4}.Debug|x64.Build.0 = Debug|Any CPU
		{30963A3F-17AD-4685-A8DF-B945012E02F4}.Debug|x86.ActiveCfg = Debug|Any CPU
		{30963A3F-17AD-4685-A8DF-B945012E02F4}.Debug|x86.Build.0 = Debug|Any CPU
		{30963A3F-17AD-4685-A8DF-B945012E02F4}.Release|Any CPU.ActiveCfg = Release|Any CPU
		{30963A3F-17AD-4685-A8DF-B945012E02F4}.Release|Any CPU.Build.0 = Release|Any CPU
		{30963A3F-17AD-4685-A8DF-B945012E02F4}.Release|x64.ActiveCfg = Release|Any CPU
		{30963A3F-17AD-4685-A8DF-B945012E02F4}.Release|x64.Build.0 = Release|Any CPU
		{30963A3F-17AD-4685-A8DF-B945012E02F4}.Release|x86.ActiveCfg = Release|Any CPU
		{30963A3F-17AD-4685-A8DF-B945012E02F4}.Release|x86.Build.0 = Release|Any CPU
		{E068C337-DF06-4A33-B227-A97B9649E88F}.Debug|Any CPU.ActiveCfg = Debug|Any CPU
		{E068C337-DF06-4A33-B227-A97B9649E88F}.Debug|Any CPU.Build.0 = Debug|Any CPU
		{E068C337-DF06-4A33-B227-A97B9649E88F}.Debug|x64.ActiveCfg = Debug|Any CPU
		{E068C337-DF06-4A33-B227-A97B9649E88F}.Debug|x64.Build.0 = Debug|Any CPU
		{E068C337-DF06-4A33-B227-A97B9649E88F}.Debug|x86.ActiveCfg = Debug|Any CPU
		{E068C337-DF06-4A33-B227-A97B9649E88F}.Debug|x86.Build.0 = Debug|Any CPU
		{E068C337-DF06-4A33-B227-A97B9649E88F}.Release|Any CPU.ActiveCfg = Release|Any CPU
		{E068C337-DF06-4A33-B227-A97B9649E88F}.Release|Any CPU.Build.0 = Release|Any CPU
		{E068C337-DF06-4A33-B227-A97B9649E88F}.Release|x64.ActiveCfg = Release|Any CPU
		{E068C337-DF06-4A33-B227-A97B9649E88F}.Release|x64.Build.0 = Release|Any CPU
		{E068C337-DF06-4A33-B227-A97B9649E88F}.Release|x86.ActiveCfg = Release|Any CPU
		{E068C337-DF06-4A33-B227-A97B9649E88F}.Release|x86.Build.0 = Release|Any CPU
		{1F1B2448-A665-4086-9D8C-B45CBE0C7146}.Debug|Any CPU.ActiveCfg = Debug|Any CPU
		{1F1B2448-A665-4086-9D8C-B45CBE0C7146}.Debug|Any CPU.Build.0 = Debug|Any CPU
		{1F1B2448-A665-4086-9D8C-B45CBE0C7146}.Debug|x64.ActiveCfg = Debug|Any CPU
		{1F1B2448-A665-4086-9D8C-B45CBE0C7146}.Debug|x64.Build.0 = Debug|Any CPU
		{1F1B2448-A665-4086-9D8C-B45CBE0C7146}.Debug|x86.ActiveCfg = Debug|Any CPU
		{1F1B2448-A665-4086-9D8C-B45CBE0C7146}.Debug|x86.Build.0 = Debug|Any CPU
		{1F1B2448-A665-4086-9D8C-B45CBE0C7146}.Release|Any CPU.ActiveCfg = Release|Any CPU
		{1F1B2448-A665-4086-9D8C-B45CBE0C7146}.Release|Any CPU.Build.0 = Release|Any CPU
		{1F1B2448-A665-4086-9D8C-B45CBE0C7146}.Release|x64.ActiveCfg = Release|Any CPU
		{1F1B2448-A665-4086-9D8C-B45CBE0C7146}.Release|x64.Build.0 = Release|Any CPU
		{1F1B2448-A665-4086-9D8C-B45CBE0C7146}.Release|x86.ActiveCfg = Release|Any CPU
		{1F1B2448-A665-4086-9D8C-B45CBE0C7146}.Release|x86.Build.0 = Release|Any CPU
		{BF74BA2A-C3DB-4CDE-9C35-3684F88EB0E3}.Debug|Any CPU.ActiveCfg = Debug|Any CPU
		{BF74BA2A-C3DB-4CDE-9C35-3684F88EB0E3}.Debug|Any CPU.Build.0 = Debug|Any CPU
		{BF74BA2A-C3DB-4CDE-9C35-3684F88EB0E3}.Debug|x64.ActiveCfg = Debug|Any CPU
		{BF74BA2A-C3DB-4CDE-9C35-3684F88EB0E3}.Debug|x64.Build.0 = Debug|Any CPU
		{BF74BA2A-C3DB-4CDE-9C35-3684F88EB0E3}.Debug|x86.ActiveCfg = Debug|Any CPU
		{BF74BA2A-C3DB-4CDE-9C35-3684F88EB0E3}.Debug|x86.Build.0 = Debug|Any CPU
		{BF74BA2A-C3DB-4CDE-9C35-3684F88EB0E3}.Release|Any CPU.ActiveCfg = Release|Any CPU
		{BF74BA2A-C3DB-4CDE-9C35-3684F88EB0E3}.Release|Any CPU.Build.0 = Release|Any CPU
		{BF74BA2A-C3DB-4CDE-9C35-3684F88EB0E3}.Release|x64.ActiveCfg = Release|Any CPU
		{BF74BA2A-C3DB-4CDE-9C35-3684F88EB0E3}.Release|x64.Build.0 = Release|Any CPU
		{BF74BA2A-C3DB-4CDE-9C35-3684F88EB0E3}.Release|x86.ActiveCfg = Release|Any CPU
		{BF74BA2A-C3DB-4CDE-9C35-3684F88EB0E3}.Release|x86.Build.0 = Release|Any CPU
		{278D7BF3-F95C-4E7A-8932-DE48EAB03332}.Debug|Any CPU.ActiveCfg = Debug|Any CPU
		{278D7BF3-F95C-4E7A-8932-DE48EAB03332}.Debug|Any CPU.Build.0 = Debug|Any CPU
		{278D7BF3-F95C-4E7A-8932-DE48EAB03332}.Debug|x64.ActiveCfg = Debug|Any CPU
		{278D7BF3-F95C-4E7A-8932-DE48EAB03332}.Debug|x64.Build.0 = Debug|Any CPU
		{278D7BF3-F95C-4E7A-8932-DE48EAB03332}.Debug|x86.ActiveCfg = Debug|Any CPU
		{278D7BF3-F95C-4E7A-8932-DE48EAB03332}.Debug|x86.Build.0 = Debug|Any CPU
		{278D7BF3-F95C-4E7A-8932-DE48EAB03332}.Release|Any CPU.ActiveCfg = Release|Any CPU
		{278D7BF3-F95C-4E7A-8932-DE48EAB03332}.Release|Any CPU.Build.0 = Release|Any CPU
		{278D7BF3-F95C-4E7A-8932-DE48EAB03332}.Release|x64.ActiveCfg = Release|Any CPU
		{278D7BF3-F95C-4E7A-8932-DE48EAB03332}.Release|x64.Build.0 = Release|Any CPU
		{278D7BF3-F95C-4E7A-8932-DE48EAB03332}.Release|x86.ActiveCfg = Release|Any CPU
		{278D7BF3-F95C-4E7A-8932-DE48EAB03332}.Release|x86.Build.0 = Release|Any CPU
		{03988372-0705-46D0-9F92-027BAF076354}.Debug|Any CPU.ActiveCfg = Debug|Any CPU
		{03988372-0705-46D0-9F92-027BAF076354}.Debug|Any CPU.Build.0 = Debug|Any CPU
		{03988372-0705-46D0-9F92-027BAF076354}.Debug|x64.ActiveCfg = Debug|Any CPU
		{03988372-0705-46D0-9F92-027BAF076354}.Debug|x64.Build.0 = Debug|Any CPU
		{03988372-0705-46D0-9F92-027BAF076354}.Debug|x86.ActiveCfg = Debug|Any CPU
		{03988372-0705-46D0-9F92-027BAF076354}.Debug|x86.Build.0 = Debug|Any CPU
		{03988372-0705-46D0-9F92-027BAF076354}.Release|Any CPU.ActiveCfg = Release|Any CPU
		{03988372-0705-46D0-9F92-027BAF076354}.Release|Any CPU.Build.0 = Release|Any CPU
		{03988372-0705-46D0-9F92-027BAF076354}.Release|x64.ActiveCfg = Release|Any CPU
		{03988372-0705-46D0-9F92-027BAF076354}.Release|x64.Build.0 = Release|Any CPU
		{03988372-0705-46D0-9F92-027BAF076354}.Release|x86.ActiveCfg = Release|Any CPU
		{03988372-0705-46D0-9F92-027BAF076354}.Release|x86.Build.0 = Release|Any CPU
		{428D6D8E-0C34-4EB8-BC23-43C58816AA5F}.Debug|Any CPU.ActiveCfg = Debug|Any CPU
		{428D6D8E-0C34-4EB8-BC23-43C58816AA5F}.Debug|Any CPU.Build.0 = Debug|Any CPU
		{428D6D8E-0C34-4EB8-BC23-43C58816AA5F}.Debug|x64.ActiveCfg = Debug|Any CPU
		{428D6D8E-0C34-4EB8-BC23-43C58816AA5F}.Debug|x64.Build.0 = Debug|Any CPU
		{428D6D8E-0C34-4EB8-BC23-43C58816AA5F}.Debug|x86.ActiveCfg = Debug|Any CPU
		{428D6D8E-0C34-4EB8-BC23-43C58816AA5F}.Debug|x86.Build.0 = Debug|Any CPU
		{428D6D8E-0C34-4EB8-BC23-43C58816AA5F}.Release|Any CPU.ActiveCfg = Release|Any CPU
		{428D6D8E-0C34-4EB8-BC23-43C58816AA5F}.Release|Any CPU.Build.0 = Release|Any CPU
		{428D6D8E-0C34-4EB8-BC23-43C58816AA5F}.Release|x64.ActiveCfg = Release|Any CPU
		{428D6D8E-0C34-4EB8-BC23-43C58816AA5F}.Release|x64.Build.0 = Release|Any CPU
		{428D6D8E-0C34-4EB8-BC23-43C58816AA5F}.Release|x86.ActiveCfg = Release|Any CPU
		{428D6D8E-0C34-4EB8-BC23-43C58816AA5F}.Release|x86.Build.0 = Release|Any CPU
		{E70B58B1-C31F-4788-AE6C-14FB6BDCB0FE}.Debug|Any CPU.ActiveCfg = Debug|Any CPU
		{E70B58B1-C31F-4788-AE6C-14FB6BDCB0FE}.Debug|Any CPU.Build.0 = Debug|Any CPU
		{E70B58B1-C31F-4788-AE6C-14FB6BDCB0FE}.Debug|x64.ActiveCfg = Debug|Any CPU
		{E70B58B1-C31F-4788-AE6C-14FB6BDCB0FE}.Debug|x64.Build.0 = Debug|Any CPU
		{E70B58B1-C31F-4788-AE6C-14FB6BDCB0FE}.Debug|x86.ActiveCfg = Debug|Any CPU
		{E70B58B1-C31F-4788-AE6C-14FB6BDCB0FE}.Debug|x86.Build.0 = Debug|Any CPU
		{E70B58B1-C31F-4788-AE6C-14FB6BDCB0FE}.Release|Any CPU.ActiveCfg = Release|Any CPU
		{E70B58B1-C31F-4788-AE6C-14FB6BDCB0FE}.Release|Any CPU.Build.0 = Release|Any CPU
		{E70B58B1-C31F-4788-AE6C-14FB6BDCB0FE}.Release|x64.ActiveCfg = Release|Any CPU
		{E70B58B1-C31F-4788-AE6C-14FB6BDCB0FE}.Release|x64.Build.0 = Release|Any CPU
		{E70B58B1-C31F-4788-AE6C-14FB6BDCB0FE}.Release|x86.ActiveCfg = Release|Any CPU
		{E70B58B1-C31F-4788-AE6C-14FB6BDCB0FE}.Release|x86.Build.0 = Release|Any CPU
		{F6A92468-1608-410C-BF87-9AB62CB3D301}.Debug|Any CPU.ActiveCfg = Debug|Any CPU
		{F6A92468-1608-410C-BF87-9AB62CB3D301}.Debug|Any CPU.Build.0 = Debug|Any CPU
		{F6A92468-1608-410C-BF87-9AB62CB3D301}.Debug|x64.ActiveCfg = Debug|Any CPU
		{F6A92468-1608-410C-BF87-9AB62CB3D301}.Debug|x64.Build.0 = Debug|Any CPU
		{F6A92468-1608-410C-BF87-9AB62CB3D301}.Debug|x86.ActiveCfg = Debug|Any CPU
		{F6A92468-1608-410C-BF87-9AB62CB3D301}.Debug|x86.Build.0 = Debug|Any CPU
		{F6A92468-1608-410C-BF87-9AB62CB3D301}.Release|Any CPU.ActiveCfg = Release|Any CPU
		{F6A92468-1608-410C-BF87-9AB62CB3D301}.Release|Any CPU.Build.0 = Release|Any CPU
		{F6A92468-1608-410C-BF87-9AB62CB3D301}.Release|x64.ActiveCfg = Release|Any CPU
		{F6A92468-1608-410C-BF87-9AB62CB3D301}.Release|x64.Build.0 = Release|Any CPU
		{F6A92468-1608-410C-BF87-9AB62CB3D301}.Release|x86.ActiveCfg = Release|Any CPU
		{F6A92468-1608-410C-BF87-9AB62CB3D301}.Release|x86.Build.0 = Release|Any CPU
	EndGlobalSection
	GlobalSection(SolutionProperties) = preSolution
		HideSolutionNode = FALSE
	EndGlobalSection
	GlobalSection(ExtensibilityGlobals) = postSolution
		SolutionGuid = {D11002DB-2666-4ADF-B24C-6293ADEB91AA}
	EndGlobalSection
EndGlobal
